# @generated by Move, please check-in and do not edit manually.

[move]
version = 3
manifest_digest = "127B3288DE1C1778EA836AFA70DDC8EC0BC297D0179DFA7E72107B2E3B83F2FD"
deps_digest = "F8BBB0CCB2491CA29A3DF03D6F92277A4F3574266507ACD77214D37ECA3F3082"
dependencies = [
  { id = "Sui", name = "Sui" },
]

[[move.package]]
id = "MoveStdlib"
source = { git = "https://github.com/MystenLabs/sui.git", rev = "mainnet", subdir = "crates\\sui-framework\\packages\\move-stdlib" }

[[move.package]]
id = "Sui"
source = { git = "https://github.com/MystenLabs/sui.git", rev = "mainnet", subdir = "crates/sui-framework/packages/sui-framework" }

dependencies = [
  { id = "MoveStdlib", name = "MoveStdlib" },
]

[move.toolchain-version]
compiler-version = "1.61.2"
edition = "2024.beta"
flavor = "sui"

[env]

[env.devnet]
chain-id = "a4bc10c3"
original-published-id = "0xa405e0f9bcbc602af89bddc8db161b52f4f5d8f2297f5b9a1940af2406f3c87f"
latest-published-id = "0xa405e0f9bcbc602af89bddc8db161b52f4f5d8f2297f5b9a1940af2406f3c87f"
published-version = "1"

[env.testnet]
chain-id = "4c78adac"
original-published-id = "0x7a069511594802f81aaf0c0b04319b6beb216c98b5beced60e5b4ba28038c415"
latest-published-id = "0x7a069511594802f81aaf0c0b04319b6beb216c98b5beced60e5b4ba28038c415"
published-version = "1"
